<?xml version="1.0" encoding="utf-8"?>
<Project ToolsVersion="4.0" xmlns="http://schemas.microsoft.com/developer/msbuild/2003">
  <ItemGroup>
    <Filter Include="Source Files">
      <UniqueIdentifier>{4FC737F1-C7A5-4376-A066-2A32D752A2FF}</UniqueIdentifier>
      <Extensions>cpp;c;cc;cxx;c++;cppm;ixx;def;odl;idl;hpj;bat;asm;asmx</Extensions>
    </Filter>
    <Filter Include="Header Files">
      <UniqueIdentifier>{93995380-89BD-4b04-88EB-625FBE52EBFB}</UniqueIdentifier>
      <Extensions>h;hh;hpp;hxx;h++;hm;inl;inc;ipp;xsd</Extensions>
    </Filter>
    <Filter Include="Resource Files">
      <UniqueIdentifier>{67DA6AB6-F800-4c08-8B7A-83BB121AAD01}</UniqueIdentifier>
      <Extensions>rc;ico;cur;bmp;dlg;rc2;rct;bin;rgs;gif;jpg;jpeg;jpe;resx;tiff;tif;png;wav;mfcribbon-ms</Extensions>
    </Filter>
  </ItemGroup>
  <ItemGroup>
    <None Include="sprite.frag" />
    <None Include="sprite.vert" />
  </ItemGroup>
  <ItemGroup>
    <ClCompile Include="game\game.cpp">
      <Filter>Source Files</Filter>
    </ClCompile>
    <ClCompile Include="game\logmanager.cpp">
      <Filter>Source Files</Filter>
    </ClCompile>
    <ClCompile Include="game\main.cpp">
      <Filter>Source Files</Filter>
    </ClCompile>
    <ClCompile Include="game\matrix4.cpp">
      <Filter>Source Files</Filter>
    </ClCompile>
    <ClCompile Include="game\renderer.cpp">
      <Filter>Source Files</Filter>
    </ClCompile>
    <ClCompile Include="game\scene.cpp">
      <Filter>Source Files</Filter>
    </ClCompile>
    <ClCompile Include="game\shader.cpp">
      <Filter>Source Files</Filter>
    </ClCompile>
    <ClCompile Include="game\sprite.cpp">
      <Filter>Source Files</Filter>
    </ClCompile>
    <ClCompile Include="game\texture.cpp">
      <Filter>Source Files</Filter>
    </ClCompile>
    <ClCompile Include="game\texturemanager.cpp">
      <Filter>Source Files</Filter>
    </ClCompile>
    <ClCompile Include="game\vector2.cpp">
      <Filter>Source Files</Filter>
    </ClCompile>
    <ClCompile Include="game\vertexarray.cpp">
      <Filter>Source Files</Filter>
    </ClCompile>
    <ClCompile Include="game\entity.cpp">
      <Filter>Source Files</Filter>
    </ClCompile>
    <ClCompile Include="game\animatedsprite.cpp">
      <Filter>Source Files</Filter>
    </ClCompile>
    <ClCompile Include="game\scene_aut.cpp">
      <Filter>Source Files</Filter>
    </ClCompile>
    <ClCompile Include="game\scene_main.cpp">
      <Filter>Source Files</Filter>
    </ClCompile>
  </ItemGroup>
  <ItemGroup>
    <ClInclude Include="game\game.h">
      <Filter>Source Files</Filter>
    </ClInclude>
    <ClInclude Include="game\logmanager.h">
      <Filter>Source Files</Filter>
    </ClInclude>
    <ClInclude Include="game\matrix4.h">
      <Filter>Source Files</Filter>
    </ClInclude>
    <ClInclude Include="game\renderer.h">
      <Filter>Source Files</Filter>
    </ClInclude>
    <ClInclude Include="game\scene.h">
      <Filter>Source Files</Filter>
    </ClInclude>
    <ClInclude Include="game\shader.h">
      <Filter>Source Files</Filter>
    </ClInclude>
    <ClInclude Include="game\sprite.h">
      <Filter>Source Files</Filter>
    </ClInclude>
    <ClInclude Include="game\texture.h">
      <Filter>Source Files</Filter>
    </ClInclude>
    <ClInclude Include="game\texturemanager.h">
      <Filter>Source Files</Filter>
    </ClInclude>
    <ClInclude Include="game\vector2.h">
      <Filter>Source Files</Filter>
    </ClInclude>
    <ClInclude Include="game\vertexarray.h">
      <Filter>Source Files</Filter>
    </ClInclude>
    <ClInclude Include="game\entity.h">
      <Filter>Source Files</Filter>
    </ClInclude>
    <ClInclude Include="game\inlinehelper.h">
      <Filter>Source Files</Filter>
    </ClInclude>
    <ClInclude Include="game\animatedsprite.h">
      <Filter>Source Files</Filter>
    </ClInclude>
    <ClInclude Include="game\defs.h">
      <Filter>Header Files</Filter>
    </ClInclude>
    <ClInclude Include="game\scene_aut.h">
      <Filter>Source Files</Filter>
    </ClInclude>
    <ClInclude Include="game\scene_main.h">
      <Filter>Source Files</Filter>
    </ClInclude>
  </ItemGroup>
  <ItemGroup>
    <Image Include="sprite\anim8strip.png">
      <Filter>Resource Files</Filter>
    </Image>
    <Image Include="sprite\anim8stripx2sheet.png">
      <Filter>Resource Files</Filter>
    </Image>
    <Image Include="sprite\ball.png">
      <Filter>Resource Files</Filter>
    </Image>
    <Image Include="sprite\board8x1.png">
      <Filter>Resource Files</Filter>
    </Image>
    <Image Include="sprite\board8x2.png">
      <Filter>Resource Files</Filter>
    </Image>
    <Image Include="sprite\board8x8.png">
      <Filter>Resource Files</Filter>
    </Image>
    <Image Include="sprite\explosion.png">
      <Filter>Resource Files</Filter>
    </Image>
    <Image Include="sprite\aut.png">
      <Filter>Resource Files</Filter>
    </Image>
  </ItemGroup>
</Project>